
Microsoft Visual Studio Solution File, Format Version 12.00
# Visual Studio Version 17
VisualStudioVersion = 17.6.33815.320
MinimumVisualStudioVersion = 10.0.40219.1
Project("{9A19103F-16F7-4668-BE54-9A1E7A4F7556}") = "DockerDotnetTest", "DockerDotnetTest\DockerDotnetTest.csproj", "{8EDB8F3D-C3D9-4BB2-BAAD-82DB3E0CCAFB}"
EndProject
Global
	GlobalSection(SolutionConfigurationPlatforms) = preSolution
		Debug|Any CPU = Debug|Any CPU
		Release|Any CPU = Release|Any CPU
	EndGlobalSection
	GlobalSection(ProjectConfigurationPlatforms) = postSolution
		{8EDB8F3D-C3D9-4BB2-BAAD-82DB3E0CCAFB}.Debug|Any CPU.ActiveCfg = Debug|Any CPU
		{8EDB8F3D-C3D9-4BB2-BAAD-82DB3E0CCAFB}.Debug|Any CPU.Build.0 = Debug|Any CPU
		{8EDB8F3D-C3D9-4BB2-BAAD-82DB3E0CCAFB}.Release|Any CPU.ActiveCfg = Release|Any CPU
		{8EDB8F3D-C3D9-4BB2-BAAD-82DB3E0CCAFB}.Release|Any CPU.Build.0 = Release|Any CPU
	EndGlobalSection
	GlobalSection(SolutionProperties) = preSolution
		HideSolutionNode = FALSE
	EndGlobalSection
	GlobalSection(ExtensibilityGlobals) = postSolution
		SolutionGuid = {ADB7E8AF-A8DB-4587-B7D9-AA8463C0BF7C}
	EndGlobalSection
EndGlobal
